// !$*UTF8*$!
{
	archiveVersion = 1;
	classes = {
	};
	objectVersion = 50;
	objects = {

/* Begin PBXBuildFile section */
		F618947E21D9F4D80022E28D /* PhobraryService.swift in Sources */ = {isa = PBXBuildFile; fileRef = F618947D21D9F4D80022E28D /* PhobraryService.swift */; };
		F618948021D9F9DC0022E28D /* PhobraryServiceClient.swift in Sources */ = {isa = PBXBuildFile; fileRef = F618947F21D9F9DC0022E28D /* PhobraryServiceClient.swift */; };
		F6FAB58C21D4C4F9005190EA /* AppDelegate.swift in Sources */ = {isa = PBXBuildFile; fileRef = F6FAB58B21D4C4F9005190EA /* AppDelegate.swift */; };
		F6FAB58E21D4C4F9005190EA /* ConnectionViewController.swift in Sources */ = {isa = PBXBuildFile; fileRef = F6FAB58D21D4C4F9005190EA /* ConnectionViewController.swift */; };
		F6FAB59121D4C4F9005190EA /* Main.storyboard in Resources */ = {isa = PBXBuildFile; fileRef = F6FAB58F21D4C4F9005190EA /* Main.storyboard */; };
		F6FAB59321D4C4FB005190EA /* Assets.xcassets in Resources */ = {isa = PBXBuildFile; fileRef = F6FAB59221D4C4FB005190EA /* Assets.xcassets */; };
		F6FAB59621D4C4FB005190EA /* LaunchScreen.storyboard in Resources */ = {isa = PBXBuildFile; fileRef = F6FAB59421D4C4FB005190EA /* LaunchScreen.storyboard */; };
		F6FAB5A121D4C4FB005190EA /* PhotoUploaderTests.swift in Sources */ = {isa = PBXBuildFile; fileRef = F6FAB5A021D4C4FB005190EA /* PhotoUploaderTests.swift */; };
		F6FAB5AC21D4C4FB005190EA /* PhotoUploaderUITests.swift in Sources */ = {isa = PBXBuildFile; fileRef = F6FAB5AB21D4C4FB005190EA /* PhotoUploaderUITests.swift */; };
/* End PBXBuildFile section */

/* Begin PBXContainerItemProxy section */
		F6FAB59D21D4C4FB005190EA /* PBXContainerItemProxy */ = {
			isa = PBXContainerItemProxy;
			containerPortal = F6FAB58021D4C4F9005190EA /* Project object */;
			proxyType = 1;
			remoteGlobalIDString = F6FAB58721D4C4F9005190EA;
			remoteInfo = PhotoUploader;
		};
		F6FAB5A821D4C4FB005190EA /* PBXContainerItemProxy */ = {
			isa = PBXContainerItemProxy;
			containerPortal = F6FAB58021D4C4F9005190EA /* Project object */;
			proxyType = 1;
			remoteGlobalIDString = F6FAB58721D4C4F9005190EA;
			remoteInfo = PhotoUploader;
		};
/* End PBXContainerItemProxy section */

/* Begin PBXFileReference section */
		F618947D21D9F4D80022E28D /* PhobraryService.swift */ = {isa = PBXFileReference; lastKnownFileType = sourcecode.swift; path = PhobraryService.swift; sourceTree = "<group>"; };
		F618947F21D9F9DC0022E28D /* PhobraryServiceClient.swift */ = {isa = PBXFileReference; lastKnownFileType = sourcecode.swift; path = PhobraryServiceClient.swift; sourceTree = "<group>"; };
		F6FAB58821D4C4F9005190EA /* PhotoUploader.app */ = {isa = PBXFileReference; explicitFileType = wrapper.application; includeInIndex = 0; path = PhotoUploader.app; sourceTree = BUILT_PRODUCTS_DIR; };
		F6FAB58B21D4C4F9005190EA /* AppDelegate.swift */ = {isa = PBXFileReference; lastKnownFileType = sourcecode.swift; path = AppDelegate.swift; sourceTree = "<group>"; };
		F6FAB58D21D4C4F9005190EA /* ConnectionViewController.swift */ = {isa = PBXFileReference; lastKnownFileType = sourcecode.swift; path = ConnectionViewController.swift; sourceTree = "<group>"; };
		F6FAB59021D4C4F9005190EA /* Base */ = {isa = PBXFileReference; lastKnownFileType = file.storyboard; name = Base; path = Base.lproj/Main.storyboard; sourceTree = "<group>"; };
		F6FAB59221D4C4FB005190EA /* Assets.xcassets */ = {isa = PBXFileReference; lastKnownFileType = folder.assetcatalog; path = Assets.xcassets; sourceTree = "<group>"; };
		F6FAB59521D4C4FB005190EA /* Base */ = {isa = PBXFileReference; lastKnownFileType = file.storyboard; name = Base; path = Base.lproj/LaunchScreen.storyboard; sourceTree = "<group>"; };
		F6FAB59721D4C4FB005190EA /* Info.plist */ = {isa = PBXFileReference; lastKnownFileType = text.plist.xml; path = Info.plist; sourceTree = "<group>"; };
		F6FAB59C21D4C4FB005190EA /* PhotoUploaderTests.xctest */ = {isa = PBXFileReference; explicitFileType = wrapper.cfbundle; includeInIndex = 0; path = PhotoUploaderTests.xctest; sourceTree = BUILT_PRODUCTS_DIR; };
		F6FAB5A021D4C4FB005190EA /* PhotoUploaderTests.swift */ = {isa = PBXFileReference; lastKnownFileType = sourcecode.swift; path = PhotoUploaderTests.swift; sourceTree = "<group>"; };
		F6FAB5A221D4C4FB005190EA /* Info.plist */ = {isa = PBXFileReference; lastKnownFileType = text.plist.xml; path = Info.plist; sourceTree = "<group>"; };
		F6FAB5A721D4C4FB005190EA /* PhotoUploaderUITests.xctest */ = {isa = PBXFileReference; explicitFileType = wrapper.cfbundle; includeInIndex = 0; path = PhotoUploaderUITests.xctest; sourceTree = BUILT_PRODUCTS_DIR; };
		F6FAB5AB21D4C4FB005190EA /* PhotoUploaderUITests.swift */ = {isa = PBXFileReference; lastKnownFileType = sourcecode.swift; path = PhotoUploaderUITests.swift; sourceTree = "<group>"; };
		F6FAB5AD21D4C4FB005190EA /* Info.plist */ = {isa = PBXFileReference; lastKnownFileType = text.plist.xml; path = Info.plist; sourceTree = "<group>"; };
/* End PBXFileReference section */

/* Begin PBXFrameworksBuildPhase section */
		F6FAB58521D4C4F9005190EA /* Frameworks */ = {
			isa = PBXFrameworksBuildPhase;
			buildActionMask = 2147483647;
			files = (
			);
			runOnlyForDeploymentPostprocessing = 0;
		};
		F6FAB59921D4C4FB005190EA /* Frameworks */ = {
			isa = PBXFrameworksBuildPhase;
			buildActionMask = 2147483647;
			files = (
			);
			runOnlyForDeploymentPostprocessing = 0;
		};
		F6FAB5A421D4C4FB005190EA /* Frameworks */ = {
			isa = PBXFrameworksBuildPhase;
			buildActionMask = 2147483647;
			files = (
			);
			runOnlyForDeploymentPostprocessing = 0;
		};
/* End PBXFrameworksBuildPhase section */

/* Begin PBXGroup section */
		F618947B21D9E7C00022E28D /* ViewControllers */ = {
			isa = PBXGroup;
			children = (
				F6FAB58D21D4C4F9005190EA /* ConnectionViewController.swift */,
			);
			path = ViewControllers;
			sourceTree = "<group>";
		};
		F618947C21D9F4AE0022E28D /* lib */ = {
			isa = PBXGroup;
			children = (
				F618947D21D9F4D80022E28D /* PhobraryService.swift */,
				F618947F21D9F9DC0022E28D /* PhobraryServiceClient.swift */,
			);
			path = lib;
			sourceTree = "<group>";
		};
		F6FAB57F21D4C4F9005190EA = {
			isa = PBXGroup;
			children = (
				F6FAB58A21D4C4F9005190EA /* PhotoUploader */,
				F6FAB59F21D4C4FB005190EA /* PhotoUploaderTests */,
				F6FAB5AA21D4C4FB005190EA /* PhotoUploaderUITests */,
				F6FAB58921D4C4F9005190EA /* Products */,
			);
			sourceTree = "<group>";
		};
		F6FAB58921D4C4F9005190EA /* Products */ = {
			isa = PBXGroup;
			children = (
				F6FAB58821D4C4F9005190EA /* PhotoUploader.app */,
				F6FAB59C21D4C4FB005190EA /* PhotoUploaderTests.xctest */,
				F6FAB5A721D4C4FB005190EA /* PhotoUploaderUITests.xctest */,
			);
			name = Products;
			sourceTree = "<group>";
		};
		F6FAB58A21D4C4F9005190EA /* PhotoUploader */ = {
			isa = PBXGroup;
			children = (
				F618947C21D9F4AE0022E28D /* lib */,
				F6FAB58B21D4C4F9005190EA /* AppDelegate.swift */,
				F618947B21D9E7C00022E28D /* ViewControllers */,
				F6FAB58F21D4C4F9005190EA /* Main.storyboard */,
				F6FAB59221D4C4FB005190EA /* Assets.xcassets */,
				F6FAB59421D4C4FB005190EA /* LaunchScreen.storyboard */,
				F6FAB59721D4C4FB005190EA /* Info.plist */,
			);
			path = PhotoUploader;
			sourceTree = "<group>";
		};
		F6FAB59F21D4C4FB005190EA /* PhotoUploaderTests */ = {
			isa = PBXGroup;
			children = (
				F6FAB5A021D4C4FB005190EA /* PhotoUploaderTests.swift */,
				F6FAB5A221D4C4FB005190EA /* Info.plist */,
			);
			path = PhotoUploaderTests;
			sourceTree = "<group>";
		};
		F6FAB5AA21D4C4FB005190EA /* PhotoUploaderUITests */ = {
			isa = PBXGroup;
			children = (
				F6FAB5AB21D4C4FB005190EA /* PhotoUploaderUITests.swift */,
				F6FAB5AD21D4C4FB005190EA /* Info.plist */,
			);
			path = PhotoUploaderUITests;
			sourceTree = "<group>";
		};
/* End PBXGroup section */

/* Begin PBXNativeTarget section */
		F6FAB58721D4C4F9005190EA /* PhotoUploader */ = {
			isa = PBXNativeTarget;
			buildConfigurationList = F6FAB5B021D4C4FB005190EA /* Build configuration list for PBXNativeTarget "PhotoUploader" */;
			buildPhases = (
				F6FAB58421D4C4F9005190EA /* Sources */,
				F6FAB58521D4C4F9005190EA /* Frameworks */,
				F6FAB58621D4C4F9005190EA /* Resources */,
			);
			buildRules = (
			);
			dependencies = (
			);
			name = PhotoUploader;
			productName = PhotoUploader;
			productReference = F6FAB58821D4C4F9005190EA /* PhotoUploader.app */;
			productType = "com.apple.product-type.application";
		};
		F6FAB59B21D4C4FB005190EA /* PhotoUploaderTests */ = {
			isa = PBXNativeTarget;
			buildConfigurationList = F6FAB5B321D4C4FB005190EA /* Build configuration list for PBXNativeTarget "PhotoUploaderTests" */;
			buildPhases = (
				F6FAB59821D4C4FB005190EA /* Sources */,
				F6FAB59921D4C4FB005190EA /* Frameworks */,
				F6FAB59A21D4C4FB005190EA /* Resources */,
			);
			buildRules = (
			);
			dependencies = (
				F6FAB59E21D4C4FB005190EA /* PBXTargetDependency */,
			);
			name = PhotoUploaderTests;
			productName = PhotoUploaderTests;
			productReference = F6FAB59C21D4C4FB005190EA /* PhotoUploaderTests.xctest */;
			productType = "com.apple.product-type.bundle.unit-test";
		};
		F6FAB5A621D4C4FB005190EA /* PhotoUploaderUITests */ = {
			isa = PBXNativeTarget;
			buildConfigurationList = F6FAB5B621D4C4FB005190EA /* Build configuration list for PBXNativeTarget "PhotoUploaderUITests" */;
			buildPhases = (
				F6FAB5A321D4C4FB005190EA /* Sources */,
				F6FAB5A421D4C4FB005190EA /* Frameworks */,
				F6FAB5A521D4C4FB005190EA /* Resources */,
			);
			buildRules = (
			);
			dependencies = (
				F6FAB5A921D4C4FB005190EA /* PBXTargetDependency */,
			);
			name = PhotoUploaderUITests;
			productName = PhotoUploaderUITests;
			productReference = F6FAB5A721D4C4FB005190EA /* PhotoUploaderUITests.xctest */;
			productType = "com.apple.product-type.bundle.ui-testing";
		};
/* End PBXNativeTarget section */

/* Begin PBXProject section */
		F6FAB58021D4C4F9005190EA /* Project object */ = {
			isa = PBXProject;
			attributes = {
				LastSwiftUpdateCheck = 1010;
				LastUpgradeCheck = 1010;
				ORGANIZATIONNAME = "Stefan Wallin";
				TargetAttributes = {
					F6FAB58721D4C4F9005190EA = {
						CreatedOnToolsVersion = 10.1;
					};
					F6FAB59B21D4C4FB005190EA = {
						CreatedOnToolsVersion = 10.1;
						TestTargetID = F6FAB58721D4C4F9005190EA;
					};
					F6FAB5A621D4C4FB005190EA = {
						CreatedOnToolsVersion = 10.1;
						TestTargetID = F6FAB58721D4C4F9005190EA;
					};
				};
			};
			buildConfigurationList = F6FAB58321D4C4F9005190EA /* Build configuration list for PBXProject "PhotoUploader" */;
			compatibilityVersion = "Xcode 9.3";
			developmentRegion = en;
			hasScannedForEncodings = 0;
			knownRegions = (
				en,
				Base,
			);
			mainGroup = F6FAB57F21D4C4F9005190EA;
			productRefGroup = F6FAB58921D4C4F9005190EA /* Products */;
			projectDirPath = "";
			projectRoot = "";
			targets = (
				F6FAB58721D4C4F9005190EA /* PhotoUploader */,
				F6FAB59B21D4C4FB005190EA /* PhotoUploaderTests */,
				F6FAB5A621D4C4FB005190EA /* PhotoUploaderUITests */,
			);
		};
/* End PBXProject section */

/* Begin PBXResourcesBuildPhase section */
		F6FAB58621D4C4F9005190EA /* Resources */ = {
			isa = PBXResourcesBuildPhase;
			buildActionMask = 2147483647;
			files = (
				F6FAB59621D4C4FB005190EA /* LaunchScreen.storyboard in Resources */,
				F6FAB59321D4C4FB005190EA /* Assets.xcassets in Resources */,
				F6FAB59121D4C4F9005190EA /* Main.storyboard in Resources */,
			);
			runOnlyForDeploymentPostprocessing = 0;
		};
		F6FAB59A21D4C4FB005190EA /* Resources */ = {
			isa = PBXResourcesBuildPhase;
			buildActionMask = 2147483647;
			files = (
			);
			runOnlyForDeploymentPostprocessing = 0;
		};
		F6FAB5A521D4C4FB005190EA /* Resources */ = {
			isa = PBXResourcesBuildPhase;
			buildActionMask = 2147483647;
			files = (
			);
			runOnlyForDeploymentPostprocessing = 0;
		};
/* End PBXResourcesBuildPhase section */

/* Begin PBXSourcesBuildPhase section */
		F6FAB58421D4C4F9005190EA /* Sources */ = {
			isa = PBXSourcesBuildPhase;
			buildActionMask = 2147483647;
			files = (
				F6FAB58E21D4C4F9005190EA /* ConnectionViewController.swift in Sources */,
				F618948021D9F9DC0022E28D /* PhobraryServiceClient.swift in Sources */,
				F6FAB58C21D4C4F9005190EA /* AppDelegate.swift in Sources */,
				F618947E21D9F4D80022E28D /* PhobraryService.swift in Sources */,
			);
			runOnlyForDeploymentPostprocessing = 0;
		};
		F6FAB59821D4C4FB005190EA /* Sources */ = {
			isa = PBXSourcesBuildPhase;
			buildActionMask = 2147483647;
			files = (
				F6FAB5A121D4C4FB005190EA /* PhotoUploaderTests.swift in Sources */,
			);
			runOnlyForDeploymentPostprocessing = 0;
		};
		F6FAB5A321D4C4FB005190EA /* Sources */ = {
			isa = PBXSourcesBuildPhase;
			buildActionMask = 2147483647;
			files = (
				F6FAB5AC21D4C4FB005190EA /* PhotoUploaderUITests.swift in Sources */,
			);
			runOnlyForDeploymentPostprocessing = 0;
		};
/* End PBXSourcesBuildPhase section */

/* Begin PBXTargetDependency section */
		F6FAB59E21D4C4FB005190EA /* PBXTargetDependency */ = {
			isa = PBXTargetDependency;
			target = F6FAB58721D4C4F9005190EA /* PhotoUploader */;
			targetProxy = F6FAB59D21D4C4FB005190EA /* PBXContainerItemProxy */;
		};
		F6FAB5A921D4C4FB005190EA /* PBXTargetDependency */ = {
			isa = PBXTargetDependency;
			target = F6FAB58721D4C4F9005190EA /* PhotoUploader */;
			targetProxy = F6FAB5A821D4C4FB005190EA /* PBXContainerItemProxy */;
		};
/* End PBXTargetDependency section */

/* Begin PBXVariantGroup section */
		F6FAB58F21D4C4F9005190EA /* Main.storyboard */ = {
			isa = PBXVariantGroup;
			children = (
				F6FAB59021D4C4F9005190EA /* Base */,
			);
			name = Main.storyboard;
			sourceTree = "<group>";
		};
		F6FAB59421D4C4FB005190EA /* LaunchScreen.storyboard */ = {
			isa = PBXVariantGroup;
			children = (
				F6FAB59521D4C4FB005190EA /* Base */,
			);
			name = LaunchScreen.storyboard;
			sourceTree = "<group>";
		};
/* End PBXVariantGroup section */

/* Begin XCBuildConfiguration section */
		F6FAB5AE21D4C4FB005190EA /* Debug */ = {
			isa = XCBuildConfiguration;
			buildSettings = {
				ALWAYS_SEARCH_USER_PATHS = NO;
				CLANG_ANALYZER_NONNULL = YES;
				CLANG_ANALYZER_NUMBER_OBJECT_CONVERSION = YES_AGGRESSIVE;
				CLANG_CXX_LANGUAGE_STANDARD = "gnu++14";
				CLANG_CXX_LIBRARY = "libc++";
				CLANG_ENABLE_MODULES = YES;
				CLANG_ENABLE_OBJC_ARC = YES;
				CLANG_ENABLE_OBJC_WEAK = YES;
				CLANG_WARN_BLOCK_CAPTURE_AUTORELEASING = YES;
				CLANG_WARN_BOOL_CONVERSION = YES;
				CLANG_WARN_COMMA = YES;
				CLANG_WARN_CONSTANT_CONVERSION = YES;
				CLANG_WARN_DEPRECATED_OBJC_IMPLEMENTATIONS = YES;
				CLANG_WARN_DIRECT_OBJC_ISA_USAGE = YES_ERROR;
				CLANG_WARN_DOCUMENTATION_COMMENTS = YES;
				CLANG_WARN_EMPTY_BODY = YES;
				CLANG_WARN_ENUM_CONVERSION = YES;
				CLANG_WARN_INFINITE_RECURSION = YES;
				CLANG_WARN_INT_CONVERSION = YES;
				CLANG_WARN_NON_LITERAL_NULL_CONVERSION = YES;
				CLANG_WARN_OBJC_IMPLICIT_RETAIN_SELF = YES;
				CLANG_WARN_OBJC_LITERAL_CONVERSION = YES;
				CLANG_WARN_OBJC_ROOT_CLASS = YES_ERROR;
				CLANG_WARN_RANGE_LOOP_ANALYSIS = YES;
				CLANG_WARN_STRICT_PROTOTYPES = YES;
				CLANG_WARN_SUSPICIOUS_MOVE = YES;
				CLANG_WARN_UNGUARDED_AVAILABILITY = YES_AGGRESSIVE;
				CLANG_WARN_UNREACHABLE_CODE = YES;
				CLANG_WARN__DUPLICATE_METHOD_MATCH = YES;
				CODE_SIGN_IDENTITY = "iPhone Developer";
				COPY_PHASE_STRIP = NO;
				DEBUG_INFORMATION_FORMAT = dwarf;
				ENABLE_STRICT_OBJC_MSGSEND = YES;
				ENABLE_TESTABILITY = YES;
				GCC_C_LANGUAGE_STANDARD = gnu11;
				GCC_DYNAMIC_NO_PIC = NO;
				GCC_NO_COMMON_BLOCKS = YES;
				GCC_OPTIMIZATION_LEVEL = 0;
				GCC_PREPROCESSOR_DEFINITIONS = (
					"DEBUG=1",
					"$(inherited)",
				);
				GCC_WARN_64_TO_32_BIT_CONVERSION = YES;
				GCC_WARN_ABOUT_RETURN_TYPE = YES_ERROR;
				GCC_WARN_UNDECLARED_SELECTOR = YES;
				GCC_WARN_UNINITIALIZED_AUTOS = YES_AGGRESSIVE;
				GCC_WARN_UNUSED_FUNCTION = YES;
				GCC_WARN_UNUSED_VARIABLE = YES;
				IPHONEOS_DEPLOYMENT_TARGET = 12.1;
				MTL_ENABLE_DEBUG_INFO = INCLUDE_SOURCE;
				MTL_FAST_MATH = YES;
				ONLY_ACTIVE_ARCH = YES;
				SDKROOT = iphoneos;
				SWIFT_ACTIVE_COMPILATION_CONDITIONS = DEBUG;
				SWIFT_OPTIMIZATION_LEVEL = "-Onone";
			};
			name = Debug;
		};
		F6FAB5AF21D4C4FB005190EA /* Release */ = {
			isa = XCBuildConfiguration;
			buildSettings = {
				ALWAYS_SEARCH_USER_PATHS = NO;
				CLANG_ANALYZER_NONNULL = YES;
				CLANG_ANALYZER_NUMBER_OBJECT_CONVERSION = YES_AGGRESSIVE;
				CLANG_CXX_LANGUAGE_STANDARD = "gnu++14";
				CLANG_CXX_LIBRARY = "libc++";
				CLANG_ENABLE_MODULES = YES;
				CLANG_ENABLE_OBJC_ARC = YES;
				CLANG_ENABLE_OBJC_WEAK = YES;
				CLANG_WARN_BLOCK_CAPTURE_AUTORELEASING = YES;
				CLANG_WARN_BOOL_CONVERSION = YES;
				CLANG_WARN_COMMA = YES;
				CLANG_WARN_CONSTANT_CONVERSION = YES;
				CLANG_WARN_DEPRECATED_OBJC_IMPLEMENTATIONS = YES;
				CLANG_WARN_DIRECT_OBJC_ISA_USAGE = YES_ERROR;
				CLANG_WARN_DOCUMENTATION_COMMENTS = YES;
				CLANG_WARN_EMPTY_BODY = YES;
				CLANG_WARN_ENUM_CONVERSION = YES;
				CLANG_WARN_INFINITE_RECURSION = YES;
				CLANG_WARN_INT_CONVERSION = YES;
				CLANG_WARN_NON_LITERAL_NULL_CONVERSION = YES;
				CLANG_WARN_OBJC_IMPLICIT_RETAIN_SELF = YES;
				CLANG_WARN_OBJC_LITERAL_CONVERSION = YES;
				CLANG_WARN_OBJC_ROOT_CLASS = YES_ERROR;
				CLANG_WARN_RANGE_LOOP_ANALYSIS = YES;
				CLANG_WARN_STRICT_PROTOTYPES = YES;
				CLANG_WARN_SUSPICIOUS_MOVE = YES;
				CLANG_WARN_UNGUARDED_AVAILABILITY = YES_AGGRESSIVE;
				CLANG_WARN_UNREACHABLE_CODE = YES;
				CLANG_WARN__DUPLICATE_METHOD_MATCH = YES;
				CODE_SIGN_IDENTITY = "iPhone Developer";
				COPY_PHASE_STRIP = NO;
				DEBUG_INFORMATION_FORMAT = "dwarf-with-dsym";
				ENABLE_NS_ASSERTIONS = NO;
				ENABLE_STRICT_OBJC_MSGSEND = YES;
				GCC_C_LANGUAGE_STANDARD = gnu11;
				GCC_NO_COMMON_BLOCKS = YES;
				GCC_WARN_64_TO_32_BIT_CONVERSION = YES;
				GCC_WARN_ABOUT_RETURN_TYPE = YES_ERROR;
				GCC_WARN_UNDECLARED_SELECTOR = YES;
				GCC_WARN_UNINITIALIZED_AUTOS = YES_AGGRESSIVE;
				GCC_WARN_UNUSED_FUNCTION = YES;
				GCC_WARN_UNUSED_VARIABLE = YES;
				IPHONEOS_DEPLOYMENT_TARGET = 12.1;
				MTL_ENABLE_DEBUG_INFO = NO;
				MTL_FAST_MATH = YES;
				SDKROOT = iphoneos;
				SWIFT_COMPILATION_MODE = wholemodule;
				SWIFT_OPTIMIZATION_LEVEL = "-O";
				VALIDATE_PRODUCT = YES;
			};
			name = Release;
		};
		F6FAB5B121D4C4FB005190EA /* Debug */ = {
			isa = XCBuildConfiguration;
			buildSettings = {
				ASSETCATALOG_COMPILER_APPICON_NAME = AppIcon;
				CODE_SIGN_STYLE = Automatic;
				DEVELOPMENT_TEAM = BV32TNEZ63;
				INFOPLIST_FILE = PhotoUploader/Info.plist;
				LD_RUNPATH_SEARCH_PATHS = (
					"$(inherited)",
					"@executable_path/Frameworks",
				);
				PRODUCT_BUNDLE_IDENTIFIER = org.phobrary.PhotoUploader;
				PRODUCT_NAME = "$(TARGET_NAME)";
				SWIFT_VERSION = 4.2;
				TARGETED_DEVICE_FAMILY = "1,2";
			};
			name = Debug;
		};
		F6FAB5B221D4C4FB005190EA /* Release */ = {
			isa = XCBuildConfiguration;
			buildSettings = {
				ASSETCATALOG_COMPILER_APPICON_NAME = AppIcon;
				CODE_SIGN_STYLE = Automatic;
				DEVELOPMENT_TEAM = BV32TNEZ63;
				INFOPLIST_FILE = PhotoUploader/Info.plist;
				LD_RUNPATH_SEARCH_PATHS = (
					"$(inherited)",
					"@executable_path/Frameworks",
				);
				PRODUCT_BUNDLE_IDENTIFIER = org.phobrary.PhotoUploader;
				PRODUCT_NAME = "$(TARGET_NAME)";
				SWIFT_VERSION = 4.2;
				TARGETED_DEVICE_FAMILY = "1,2";
			};
			name = Release;
		};
		F6FAB5B421D4C4FB005190EA /* Debug */ = {
			isa = XCBuildConfiguration;
			buildSettings = {
				ALWAYS_EMBED_SWIFT_STANDARD_LIBRARIES = YES;
				BUNDLE_LOADER = "$(TEST_HOST)";
				CODE_SIGN_STYLE = Automatic;
				DEVELOPMENT_TEAM = BV32TNEZ63;
				INFOPLIST_FILE = PhotoUploaderTests/Info.plist;
				LD_RUNPATH_SEARCH_PATHS = (
					"$(inherited)",
					"@executable_path/Frameworks",
					"@loader_path/Frameworks",
				);
				PRODUCT_BUNDLE_IDENTIFIER = org.phobrary.PhotoUploaderTests;
				PRODUCT_NAME = "$(TARGET_NAME)";
				SWIFT_VERSION = 4.2;
				TARGETED_DEVICE_FAMILY = "1,2";
				TEST_HOST = "$(BUILT_PRODUCTS_DIR)/PhotoUploader.app/PhotoUploader";
			};
			name = Debug;
		};
		F6FAB5B521D4C4FB005190EA /* Release */ = {
			isa = XCBuildConfiguration;
			buildSettings = {
				ALWAYS_EMBED_SWIFT_STANDARD_LIBRARIES = YES;
				BUNDLE_LOADER = "$(TEST_HOST)";
				CODE_SIGN_STYLE = Automatic;
				DEVELOPMENT_TEAM = BV32TNEZ63;
				INFOPLIST_FILE = PhotoUploaderTests/Info.plist;
				LD_RUNPATH_SEARCH_PATHS = (
					"$(inherited)",
					"@executable_path/Frameworks",
					"@loader_path/Frameworks",
				);
				PRODUCT_BUNDLE_IDENTIFIER = org.phobrary.PhotoUploaderTests;
				PRODUCT_NAME = "$(TARGET_NAME)";
				SWIFT_VERSION = 4.2;
				TARGETED_DEVICE_FAMILY = "1,2";
				TEST_HOST = "$(BUILT_PRODUCTS_DIR)/PhotoUploader.app/PhotoUploader";
			};
			name = Release;
		};
		F6FAB5B721D4C4FB005190EA /* Debug */ = {
			isa = XCBuildConfiguration;
			buildSettings = {
				ALWAYS_EMBED_SWIFT_STANDARD_LIBRARIES = YES;
				CODE_SIGN_STYLE = Automatic;
				DEVELOPMENT_TEAM = BV32TNEZ63;
				INFOPLIST_FILE = PhotoUploaderUITests/Info.plist;
				LD_RUNPATH_SEARCH_PATHS = (
					"$(inherited)",
					"@executable_path/Frameworks",
					"@loader_path/Frameworks",
				);
				PRODUCT_BUNDLE_IDENTIFIER = org.phobrary.PhotoUploaderUITests;
				PRODUCT_NAME = "$(TARGET_NAME)";
				SWIFT_VERSION = 4.2;
				TARGETED_DEVICE_FAMILY = "1,2";
				TEST_TARGET_NAME = PhotoUploader;
			};
			name = Debug;
		};
		F6FAB5B821D4C4FB005190EA /* Release */ = {
			isa = XCBuildConfiguration;
			buildSettings = {
				ALWAYS_EMBED_SWIFT_STANDARD_LIBRARIES = YES;
				CODE_SIGN_STYLE = Automatic;
				DEVELOPMENT_TEAM = BV32TNEZ63;
				INFOPLIST_FILE = PhotoUploaderUITests/Info.plist;
				LD_RUNPATH_SEARCH_PATHS = (
					"$(inherited)",
					"@executable_path/Frameworks",
					"@loader_path/Frameworks",
				);
				PRODUCT_BUNDLE_IDENTIFIER = org.phobrary.PhotoUploaderUITests;
				PRODUCT_NAME = "$(TARGET_NAME)";
				SWIFT_VERSION = 4.2;
				TARGETED_DEVICE_FAMILY = "1,2";
				TEST_TARGET_NAME = PhotoUploader;
			};
			name = Release;
		};
/* End XCBuildConfiguration section */

/* Begin XCConfigurationList section */
		F6FAB58321D4C4F9005190EA /* Build configuration list for PBXProject "PhotoUploader" */ = {
			isa = XCConfigurationList;
			buildConfigurations = (
				F6FAB5AE21D4C4FB005190EA /* Debug */,
				F6FAB5AF21D4C4FB005190EA /* Release */,
			);
			defaultConfigurationIsVisible = 0;
			defaultConfigurationName = Release;
		};
		F6FAB5B021D4C4FB005190EA /* Build configuration list for PBXNativeTarget "PhotoUploader" */ = {
			isa = XCConfigurationList;
			buildConfigurations = (
				F6FAB5B121D4C4FB005190EA /* Debug */,
				F6FAB5B221D4C4FB005190EA /* Release */,
			);
			defaultConfigurationIsVisible = 0;
			defaultConfigurationName = Release;
		};
		F6FAB5B321D4C4FB005190EA /* Build configuration list for PBXNativeTarget "PhotoUploaderTests" */ = {
			isa = XCConfigurationList;
			buildConfigurations = (
				F6FAB5B421D4C4FB005190EA /* Debug */,
				F6FAB5B521D4C4FB005190EA /* Release */,
			);
			defaultConfigurationIsVisible = 0;
			defaultConfigurationName = Release;
		};
		F6FAB5B621D4C4FB005190EA /* Build configuration list for PBXNativeTarget "PhotoUploaderUITests" */ = {
			isa = XCConfigurationList;
			buildConfigurations = (
				F6FAB5B721D4C4FB005190EA /* Debug */,
				F6FAB5B821D4C4FB005190EA /* Release */,
			);
			defaultConfigurationIsVisible = 0;
			defaultConfigurationName = Release;
		};
/* End XCConfigurationList section */
	};
	rootObject = F6FAB58021D4C4F9005190EA /* Project object */;
}
